{
    "_readme": [
        "This file locks the dependencies of your project to a known state",
        "Read more about it at https://getcomposer.org/doc/01-basic-usage.md#composer-lock-the-lock-file",
        "This file is @generated automatically"
    ],
    "hash": "07726facbc818d0d0f634b2c379b0226",
    "content-hash": "cf243d72bf741eeece3a90bfb28aa2ad",
    "packages": [],
    "packages-dev": [
        {
            "name": "doctrine/instantiator",
            "version": "1.0.5",
            "source": {
                "type": "git",
                "url": "https://github.com/doctrine/instantiator.git",
                "reference": "8e884e78f9f0eb1329e445619e04456e64d8051d"
            },
            "dist": {
                "type": "zip",
                "url": "https://packagist.phpcomposer.com/files/doctrine/instantiator/8e884e78f9f0eb1329e445619e04456e64d8051d.zip",
                "reference": "8e884e78f9f0eb1329e445619e04456e64d8051d",
                "shasum": ""
            },
            "require": {
                "php": ">=5.3,<8.0-DEV"
            },
            "require-dev": {
                "athletic/athletic": "~0.1.8",
                "ext-pdo": "*",
                "ext-phar": "*",
                "phpunit/phpunit": "~4.0",
                "squizlabs/php_codesniffer": "~2.0"
            },
            "type": "library",
            "extra": {
                "branch-alias": {
                    "dev-master": "1.0.x-dev"
                }
            },
            "autoload": {
                "psr-4": {
                    "Doctrine\\Instantiator\\": "src/Doctrine/Instantiator/"
                }
            },
            "notification-url": "https://packagist.org/downloads/",
            "license": [
                "MIT"
            ],
            "authors": [
                {
                    "name": "Marco Pivetta",
                    "email": "ocramius@gmail.com",
                    "homepage": "http://ocramius.github.com/"
                }
            ],
            "description": "A small, lightweight utility to instantiate objects in PHP without invoking their constructors",
            "homepage": "https://github.com/doctrine/instantiator",
            "keywords": [
                "constructor",
                "instantiate"
            ],
            "time": "2015-06-14 21:17:01"
        },
        {
            "name": "evenement/evenement",
            "version": "v2.0.0",
            "source": {
                "type": "git",
                "url": "https://github.com/igorw/evenement.git",
                "reference": "f6e843799fd4f4184d54d8fc7b5b3551c9fa803e"
            },
            "dist": {
                "type": "zip",
                "url": "https://packagist.phpcomposer.com/files/igorw/evenement/f6e843799fd4f4184d54d8fc7b5b3551c9fa803e.zip",
                "reference": "f6e843799fd4f4184d54d8fc7b5b3551c9fa803e",
                "shasum": ""
            },
            "require": {
                "php": ">=5.4.0"
            },
            "type": "library",
            "extra": {
                "branch-alias": {
                    "dev-master": "2.0-dev"
                }
            },
            "autoload": {
                "psr-0": {
                    "Evenement": "src"
                }
            },
            "notification-url": "https://packagist.org/downloads/",
            "license": [
                "MIT"
            ],
            "authors": [
                {
                    "name": "Igor Wiedler",
                    "email": "igor@wiedler.ch",
                    "homepage": "http://wiedler.ch/igor/"
                }
            ],
            "description": "Événement is a very simple event dispatching library for PHP",
            "keywords": [
                "event-dispatcher",
                "event-emitter"
            ],
            "time": "2012-11-02 14:49:47"
        },
        {
            "name": "henrikbjorn/lurker",
            "version": "1.2.0",
            "source": {
                "type": "git",
                "url": "https://github.com/flint/Lurker.git",
                "reference": "712d3ef19bef161daa2ba0e0237c6b875587a089"
            },
            "dist": {
                "type": "zip",
                "url": "https://packagist.phpcomposer.com/files/flint/Lurker/712d3ef19bef161daa2ba0e0237c6b875587a089.zip",
                "reference": "712d3ef19bef161daa2ba0e0237c6b875587a089",
                "shasum": ""
            },
            "require": {
                "php": ">=5.3.3",
                "symfony/config": "^2.2|^3.0",
                "symfony/event-dispatcher": "^2.2|^3.0"
            },
            "suggest": {
                "ext-inotify": ">=0.1.6"
            },
            "type": "library",
            "extra": {
                "branch-alias": {
                    "dev-master": "1.0.x-dev"
                }
            },
            "autoload": {
                "psr-0": {
                    "Lurker": "src"
                }
            },
            "notification-url": "https://packagist.org/downloads/",
            "license": [
                "MIT"
            ],
            "authors": [
                {
                    "name": "Yaroslav Kiliba",
                    "email": "om.dattaya@gmail.com"
                },
                {
                    "name": "Konstantin Kudryashov",
                    "email": "ever.zet@gmail.com"
                },
                {
                    "name": "Henrik Bjrnskov",
                    "email": "henrik@bjrnskov.dk"
                }
            ],
            "description": "Resource Watcher.",
            "keywords": [
                "filesystem",
                "resource",
                "watching"
            ],
            "time": "2016-03-16 15:22:20"
        },
        {
            "name": "peridot-php/leo",
            "version": "1.6.0",
            "source": {
                "type": "git",
                "url": "https://github.com/peridot-php/leo.git",
                "reference": "31dbdcbcd8383864caae1996ce62ad9f133d8de5"
            },
            "dist": {
                "type": "zip",
                "url": "https://packagist.phpcomposer.com/files/peridot-php/leo/31dbdcbcd8383864caae1996ce62ad9f133d8de5.zip",
                "reference": "31dbdcbcd8383864caae1996ce62ad9f133d8de5",
                "shasum": ""
            },
            "require": {
                "php": ">=5.4"
            },
            "require-dev": {
                "apigen/apigen": "^4",
                "friendsofphp/php-cs-fixer": "^1",
                "peridot-php/peridot-jumpstart": "^1",
                "peridot-php/peridot-prophecy-plugin": "^1"
            },
            "type": "library",
            "autoload": {
                "psr-4": {
                    "Peridot\\Leo\\": "src"
                },
                "files": [
                    "src/Interfaces/_interface.bdd.php"
                ]
            },
            "notification-url": "https://packagist.org/downloads/",
            "license": [
                "MIT"
            ],
            "authors": [
                {
                    "name": "Brian Scaturro",
                    "email": "scaturrob@gmail.com"
                }
            ],
            "description": "Next level assertion and matcher library for PHP",
            "keywords": [
                "assert",
                "expect",
                "expectation",
                "matcher",
                "testing"
            ],
            "time": "2016-09-21 03:52:31"
        },
        {
            "name": "peridot-php/peridot",
            "version": "1.18.1",
            "source": {
                "type": "git",
                "url": "https://github.com/peridot-php/peridot.git",
                "reference": "d628aca3fc135a9b570acaeabaf4b39f2dc3a5d6"
            },
            "dist": {
                "type": "zip",
                "url": "https://packagist.phpcomposer.com/files/peridot-php/peridot/d628aca3fc135a9b570acaeabaf4b39f2dc3a5d6.zip",
                "reference": "d628aca3fc135a9b570acaeabaf4b39f2dc3a5d6",
                "shasum": ""
            },
            "require": {
                "evenement/evenement": "2.0.*",
                "peridot-php/peridot-scope": "~1.0",
                "php": ">=5.4.0",
                "phpunit/php-timer": "~1.0",
                "symfony/console": "~2.0|~3.0"
            },
            "require-dev": {
                "codegyre/robo": "~0.4",
                "phpunit/php-code-coverage": "~2.0",
                "satooshi/php-coveralls": "~0.6"
            },
            "bin": [
                "bin/peridot"
            ],
            "type": "library",
            "autoload": {
                "psr-4": {
                    "Peridot\\": "src/"
                }
            },
            "notification-url": "https://packagist.org/downloads/",
            "license": [
                "MIT"
            ],
            "authors": [
                {
                    "name": "Austin Morris",
                    "email": "austin.morris@gmail.com"
                },
                {
                    "name": "Brian Scaturro",
                    "email": "scaturrob@gmail.com"
                }
            ],
            "description": "Event driven BDD test framework for PHP 5.4+",
            "keywords": [
                "BDD",
                "TDD",
                "php",
                "testing"
            ],
            "time": "2016-04-22 17:32:25"
        },
        {
            "name": "peridot-php/peridot-prophecy-plugin",
            "version": "1.1.0",
            "source": {
                "type": "git",
                "url": "https://github.com/peridot-php/peridot-prophecy-plugin.git",
                "reference": "425c097aa93b8949d26f6820ca9905ec3d988c2d"
            },
            "dist": {
                "type": "zip",
                "url": "https://packagist.phpcomposer.com/files/peridot-php/peridot-prophecy-plugin/425c097aa93b8949d26f6820ca9905ec3d988c2d.zip",
                "reference": "425c097aa93b8949d26f6820ca9905ec3d988c2d",
                "shasum": ""
            },
            "require": {
                "peridot-php/peridot": "~1.0",
                "phpspec/prophecy": "~1.0"
            },
            "type": "library",
            "autoload": {
                "psr-4": {
                    "Peridot\\Plugin\\Prophecy\\": "src/"
                }
            },
            "notification-url": "https://packagist.org/downloads/",
            "license": [
                "MIT"
            ],
            "authors": [
                {
                    "name": "Brian Scaturro",
                    "email": "scaturrob@gmail.com"
                }
            ],
            "description": "Inject prophecy mocks into your Peridot tests",
            "time": "2014-11-25 17:54:09"
        },
        {
            "name": "peridot-php/peridot-scope",
            "version": "1.3.0",
            "source": {
                "type": "git",
                "url": "https://github.com/peridot-php/peridot-scope.git",
                "reference": "b5cc7ac35b2116d0f495b326218e7e93a823ab8e"
            },
            "dist": {
                "type": "zip",
                "url": "https://packagist.phpcomposer.com/files/peridot-php/peridot-scope/b5cc7ac35b2116d0f495b326218e7e93a823ab8e.zip",
                "reference": "b5cc7ac35b2116d0f495b326218e7e93a823ab8e",
                "shasum": ""
            },
            "require": {
                "php": ">=5.4.0"
            },
            "require-dev": {
                "peridot-php/peridot-jumpstart": "~1.0"
            },
            "type": "library",
            "autoload": {
                "psr-4": {
                    "Peridot\\Scope\\": "src/"
                }
            },
            "notification-url": "https://packagist.org/downloads/",
            "license": [
                "MIT"
            ],
            "authors": [
                {
                    "name": "Brian Scaturro",
                    "email": "scaturrob@gmail.com"
                }
            ],
            "description": "Scopes for function binding and mixins",
            "time": "2016-02-22 13:27:54"
        },
        {
            "name": "peridot-php/peridot-watcher-plugin",
            "version": "1.3.1",
            "source": {
                "type": "git",
                "url": "https://github.com/peridot-php/peridot-watcher-plugin.git",
                "reference": "cb2537d66eb33f66fd8e6135f6ac9fa72703108c"
            },
            "dist": {
                "type": "zip",
                "url": "https://packagist.phpcomposer.com/files/peridot-php/peridot-watcher-plugin/cb2537d66eb33f66fd8e6135f6ac9fa72703108c.zip",
                "reference": "cb2537d66eb33f66fd8e6135f6ac9fa72703108c",
                "shasum": ""
            },
            "require": {
                "henrikbjorn/lurker": "~1.0",
                "peridot-php/peridot": "~1.6",
                "symfony/process": "~2.0"
            },
            "type": "library",
            "autoload": {
                "psr-4": {
                    "Peridot\\Plugin\\Watcher\\": "src/"
                }
            },
            "notification-url": "https://packagist.org/downloads/",
            "license": [
                "MIT"
            ],
            "authors": [
                {
                    "name": "Brian Scaturro",
                    "email": "scaturrob@gmail.com"
                }
            ],
            "description": "Watch tests for changes then run them again",
            "time": "2014-11-12 16:41:36"
        },
        {
            "name": "phpdocumentor/reflection-common",
            "version": "1.0",
            "source": {
                "type": "git",
                "url": "https://github.com/phpDocumentor/ReflectionCommon.git",
                "reference": "144c307535e82c8fdcaacbcfc1d6d8eeb896687c"
            },
            "dist": {
                "type": "zip",
                "url": "https://packagist.phpcomposer.com/files/phpDocumentor/ReflectionCommon/144c307535e82c8fdcaacbcfc1d6d8eeb896687c.zip",
                "reference": "144c307535e82c8fdcaacbcfc1d6d8eeb896687c",
                "shasum": ""
            },
            "require": {
                "php": ">=5.5"
            },
            "require-dev": {
                "phpunit/phpunit": "^4.6"
            },
            "type": "library",
            "extra": {
                "branch-alias": {
                    "dev-master": "1.0.x-dev"
                }
            },
            "autoload": {
                "psr-4": {
                    "phpDocumentor\\Reflection\\": [
                        "src"
                    ]
                }
            },
            "notification-url": "https://packagist.org/downloads/",
            "license": [
                "MIT"
            ],
            "authors": [
                {
                    "name": "Jaap van Otterdijk",
                    "email": "opensource@ijaap.nl"
                }
            ],
            "description": "Common reflection classes used by phpdocumentor to reflect the code structure",
            "homepage": "http://www.phpdoc.org",
            "keywords": [
                "FQSEN",
                "phpDocumentor",
                "phpdoc",
                "reflection",
                "static analysis"
            ],
            "time": "2015-12-27 11:43:31"
        },
        {
            "name": "phpdocumentor/reflection-docblock",
            "version": "3.1.1",
            "source": {
                "type": "git",
                "url": "https://github.com/phpDocumentor/ReflectionDocBlock.git",
                "reference": "8331b5efe816ae05461b7ca1e721c01b46bafb3e"
            },
            "dist": {
                "type": "zip",
                "url": "https://packagist.phpcomposer.com/files/phpDocumentor/ReflectionDocBlock/8331b5efe816ae05461b7ca1e721c01b46bafb3e.zip",
                "reference": "8331b5efe816ae05461b7ca1e721c01b46bafb3e",
                "shasum": ""
            },
            "require": {
                "php": ">=5.5",
                "phpdocumentor/reflection-common": "^1.0@dev",
                "phpdocumentor/type-resolver": "^0.2.0",
                "webmozart/assert": "^1.0"
            },
            "require-dev": {
                "mockery/mockery": "^0.9.4",
                "phpunit/phpunit": "^4.4"
            },
            "type": "library",
            "autoload": {
                "psr-4": {
                    "phpDocumentor\\Reflection\\": [
                        "src/"
                    ]
                }
            },
            "notification-url": "https://packagist.org/downloads/",
            "license": [
                "MIT"
            ],
            "authors": [
                {
                    "name": "Mike van Riel",
                    "email": "me@mikevanriel.com"
                }
            ],
            "description": "With this component, a library can provide support for annotations via DocBlocks or otherwise retrieve information that is embedded in a DocBlock.",
            "time": "2016-09-30 07:12:33"
        },
        {
            "name": "phpdocumentor/type-resolver",
            "version": "0.2",
            "source": {
                "type": "git",
                "url": "https://github.com/phpDocumentor/TypeResolver.git",
                "reference": "b39c7a5b194f9ed7bd0dd345c751007a41862443"
            },
            "dist": {
                "type": "zip",
                "url": "https://packagist.phpcomposer.com/files/phpDocumentor/TypeResolver/b39c7a5b194f9ed7bd0dd345c751007a41862443.zip",
                "reference": "b39c7a5b194f9ed7bd0dd345c751007a41862443",
                "shasum": ""
            },
            "require": {
                "php": ">=5.5",
                "phpdocumentor/reflection-common": "^1.0"
            },
            "require-dev": {
                "mockery/mockery": "^0.9.4",
                "phpunit/phpunit": "^5.2||^4.8.24"
            },
            "type": "library",
            "extra": {
                "branch-alias": {
                    "dev-master": "1.0.x-dev"
                }
            },
            "autoload": {
                "psr-4": {
                    "phpDocumentor\\Reflection\\": [
                        "src/"
                    ]
                }
            },
            "notification-url": "https://packagist.org/downloads/",
            "license": [
                "MIT"
            ],
            "authors": [
                {
                    "name": "Mike van Riel",
                    "email": "me@mikevanriel.com"
                }
            ],
            "time": "2016-06-10 07:14:17"
        },
        {
            "name": "phpspec/prophecy",
            "version": "v1.6.2",
            "source": {
                "type": "git",
                "url": "https://github.com/phpspec/prophecy.git",
                "reference": "6c52c2722f8460122f96f86346600e1077ce22cb"
            },
            "dist": {
                "type": "zip",
                "url": "https://packagist.phpcomposer.com/files/phpspec/prophecy/6c52c2722f8460122f96f86346600e1077ce22cb.zip",
                "reference": "6c52c2722f8460122f96f86346600e1077ce22cb",
                "shasum": ""
            },
            "require": {
                "doctrine/instantiator": "^1.0.2",
                "php": "^5.3|^7.0",
                "phpdocumentor/reflection-docblock": "^2.0|^3.0.2",
                "sebastian/comparator": "^1.1",
                "sebastian/recursion-context": "^1.0|^2.0"
            },
            "require-dev": {
                "phpspec/phpspec": "^2.0",
                "phpunit/phpunit": "^4.8 || ^5.6.5"
            },
            "type": "library",
            "extra": {
                "branch-alias": {
                    "dev-master": "1.6.x-dev"
                }
            },
            "autoload": {
                "psr-0": {
                    "Prophecy\\": "src/"
                }
            },
            "notification-url": "https://packagist.org/downloads/",
            "license": [
                "MIT"
            ],
            "authors": [
                {
                    "name": "Konstantin Kudryashov",
                    "email": "ever.zet@gmail.com",
                    "homepage": "http://everzet.com"
                },
                {
                    "name": "Marcello Duarte",
                    "email": "marcello.duarte@gmail.com"
                }
            ],
            "description": "Highly opinionated mocking framework for PHP 5.3+",
            "homepage": "https://github.com/phpspec/prophecy",
            "keywords": [
                "Double",
                "Dummy",
                "fake",
                "mock",
                "spy",
                "stub"
            ],
            "time": "2016-11-21 14:58:47"
        },
        {
            "name": "phpunit/php-timer",
            "version": "1.0.8",
            "source": {
                "type": "git",
                "url": "https://github.com/sebastianbergmann/php-timer.git",
                "reference": "38e9124049cf1a164f1e4537caf19c99bf1eb260"
            },
            "dist": {
                "type": "zip",
                "url": "https://packagist.phpcomposer.com/files/sebastianbergmann/php-timer/38e9124049cf1a164f1e4537caf19c99bf1eb260.zip",
                "reference": "38e9124049cf1a164f1e4537caf19c99bf1eb260",
                "shasum": ""
            },
            "require": {
                "php": ">=5.3.3"
            },
            "require-dev": {
                "phpunit/phpunit": "~4|~5"
            },
            "type": "library",
            "autoload": {
                "classmap": [
                    "src/"
                ]
            },
            "notification-url": "https://packagist.org/downloads/",
            "license": [
                "BSD-3-Clause"
            ],
            "authors": [
                {
                    "name": "Sebastian Bergmann",
                    "email": "sb@sebastian-bergmann.de",
                    "role": "lead"
                }
            ],
            "description": "Utility class for timing",
            "homepage": "https://github.com/sebastianbergmann/php-timer/",
            "keywords": [
                "timer"
            ],
            "time": "2016-05-12 18:03:57"
        },
        {
            "name": "psr/log",
            "version": "1.0.2",
            "source": {
                "type": "git",
                "url": "https://github.com/php-fig/log.git",
                "reference": "4ebe3a8bf773a19edfe0a84b6585ba3d401b724d"
            },
            "dist": {
                "type": "zip",
                "url": "https://packagist.phpcomposer.com/files/php-fig/log/4ebe3a8bf773a19edfe0a84b6585ba3d401b724d.zip",
                "reference": "4ebe3a8bf773a19edfe0a84b6585ba3d401b724d",
                "shasum": ""
            },
            "require": {
                "php": ">=5.3.0"
            },
            "type": "library",
            "extra": {
                "branch-alias": {
                    "dev-master": "1.0.x-dev"
                }
            },
            "autoload": {
                "psr-4": {
                    "Psr\\Log\\": "Psr/Log/"
                }
            },
            "notification-url": "https://packagist.org/downloads/",
            "license": [
                "MIT"
            ],
            "authors": [
                {
                    "name": "PHP-FIG",
                    "homepage": "http://www.php-fig.org/"
                }
            ],
            "description": "Common interface for logging libraries",
            "homepage": "https://github.com/php-fig/log",
            "keywords": [
                "log",
                "psr",
                "psr-3"
            ],
            "time": "2016-10-10 12:19:37"
        },
        {
            "name": "sebastian/comparator",
            "version": "1.2.2",
            "source": {
                "type": "git",
                "url": "https://github.com/sebastianbergmann/comparator.git",
                "reference": "6a1ed12e8b2409076ab22e3897126211ff8b1f7f"
            },
            "dist": {
                "type": "zip",
                "url": "https://packagist.phpcomposer.com/files/sebastianbergmann/comparator/6a1ed12e8b2409076ab22e3897126211ff8b1f7f.zip",
                "reference": "6a1ed12e8b2409076ab22e3897126211ff8b1f7f",
                "shasum": ""
            },
            "require": {
                "php": ">=5.3.3",
                "sebastian/diff": "~1.2",
                "sebastian/exporter": "~1.2 || ~2.0"
            },
            "require-dev": {
                "phpunit/phpunit": "~4.4"
            },
            "type": "library",
            "extra": {
                "branch-alias": {
                    "dev-master": "1.2.x-dev"
                }
            },
            "autoload": {
                "classmap": [
                    "src/"
                ]
            },
            "notification-url": "https://packagist.org/downloads/",
            "license": [
                "BSD-3-Clause"
            ],
            "authors": [
                {
                    "name": "Jeff Welch",
                    "email": "whatthejeff@gmail.com"
                },
                {
                    "name": "Volker Dusch",
                    "email": "github@wallbash.com"
                },
                {
                    "name": "Bernhard Schussek",
                    "email": "bschussek@2bepublished.at"
                },
                {
                    "name": "Sebastian Bergmann",
                    "email": "sebastian@phpunit.de"
                }
            ],
            "description": "Provides the functionality to compare PHP values for equality",
            "homepage": "http://www.github.com/sebastianbergmann/comparator",
            "keywords": [
                "comparator",
                "compare",
                "equality"
            ],
            "time": "2016-11-19 09:18:40"
        },
        {
            "name": "sebastian/diff",
            "version": "1.4.1",
            "source": {
                "type": "git",
                "url": "https://github.com/sebastianbergmann/diff.git",
                "reference": "13edfd8706462032c2f52b4b862974dd46b71c9e"
            },
            "dist": {
                "type": "zip",
                "url": "https://packagist.phpcomposer.com/files/sebastianbergmann/diff/13edfd8706462032c2f52b4b862974dd46b71c9e.zip",
                "reference": "13edfd8706462032c2f52b4b862974dd46b71c9e",
                "shasum": ""
            },
            "require": {
                "php": ">=5.3.3"
            },
            "require-dev": {
                "phpunit/phpunit": "~4.8"
            },
            "type": "library",
            "extra": {
                "branch-alias": {
                    "dev-master": "1.4-dev"
                }
            },
            "autoload": {
                "classmap": [
                    "src/"
                ]
            },
            "notification-url": "https://packagist.org/downloads/",
            "license": [
                "BSD-3-Clause"
            ],
            "authors": [
                {
                    "name": "Kore Nordmann",
                    "email": "mail@kore-nordmann.de"
                },
                {
                    "name": "Sebastian Bergmann",
                    "email": "sebastian@phpunit.de"
                }
            ],
            "description": "Diff implementation",
            "homepage": "https://github.com/sebastianbergmann/diff",
            "keywords": [
                "diff"
            ],
            "time": "2015-12-08 07:14:41"
        },
        {
            "name": "sebastian/exporter",
            "version": "2.0.0",
            "source": {
                "type": "git",
                "url": "https://github.com/sebastianbergmann/exporter.git",
                "reference": "ce474bdd1a34744d7ac5d6aad3a46d48d9bac4c4"
            },
            "dist": {
                "type": "zip",
                "url": "https://packagist.phpcomposer.com/files/sebastianbergmann/exporter/ce474bdd1a34744d7ac5d6aad3a46d48d9bac4c4.zip",
                "reference": "ce474bdd1a34744d7ac5d6aad3a46d48d9bac4c4",
                "shasum": ""
            },
            "require": {
                "php": ">=5.3.3",
                "sebastian/recursion-context": "~2.0"
            },
            "require-dev": {
                "ext-mbstring": "*",
                "phpunit/phpunit": "~4.4"
            },
            "type": "library",
            "extra": {
                "branch-alias": {
                    "dev-master": "2.0.x-dev"
                }
            },
            "autoload": {
                "classmap": [
                    "src/"
                ]
            },
            "notification-url": "https://packagist.org/downloads/",
            "license": [
                "BSD-3-Clause"
            ],
            "authors": [
                {
                    "name": "Jeff Welch",
                    "email": "whatthejeff@gmail.com"
                },
                {
                    "name": "Volker Dusch",
                    "email": "github@wallbash.com"
                },
                {
                    "name": "Bernhard Schussek",
                    "email": "bschussek@2bepublished.at"
                },
                {
                    "name": "Sebastian Bergmann",
                    "email": "sebastian@phpunit.de"
                },
                {
                    "name": "Adam Harvey",
                    "email": "aharvey@php.net"
                }
            ],
            "description": "Provides the functionality to export PHP variables for visualization",
            "homepage": "http://www.github.com/sebastianbergmann/exporter",
            "keywords": [
                "export",
                "exporter"
            ],
            "time": "2016-11-19 08:54:04"
        },
        {
            "name": "sebastian/recursion-context",
            "version": "2.0.0",
            "source": {
                "type": "git",
                "url": "https://github.com/sebastianbergmann/recursion-context.git",
                "reference": "2c3ba150cbec723aa057506e73a8d33bdb286c9a"
            },
            "dist": {
                "type": "zip",
                "url": "https://packagist.phpcomposer.com/files/sebastianbergmann/recursion-context/2c3ba150cbec723aa057506e73a8d33bdb286c9a.zip",
                "reference": "2c3ba150cbec723aa057506e73a8d33bdb286c9a",
                "shasum": ""
            },
            "require": {
                "php": ">=5.3.3"
            },
            "require-dev": {
                "phpunit/phpunit": "~4.4"
            },
            "type": "library",
            "extra": {
                "branch-alias": {
                    "dev-master": "2.0.x-dev"
                }
            },
            "autoload": {
                "classmap": [
                    "src/"
                ]
            },
            "notification-url": "https://packagist.org/downloads/",
            "license": [
                "BSD-3-Clause"
            ],
            "authors": [
                {
                    "name": "Jeff Welch",
                    "email": "whatthejeff@gmail.com"
                },
                {
                    "name": "Sebastian Bergmann",
                    "email": "sebastian@phpunit.de"
                },
                {
                    "name": "Adam Harvey",
                    "email": "aharvey@php.net"
                }
            ],
            "description": "Provides functionality to recursively process PHP variables",
            "homepage": "http://www.github.com/sebastianbergmann/recursion-context",
            "time": "2016-11-19 07:33:16"
        },
        {
            "name": "symfony/config",
            "version": "v3.1.7",
            "source": {
                "type": "git",
                "url": "https://github.com/symfony/config.git",
                "reference": "ab4fa32ffe6e625f9b7444e5e8d4702a0bc3ad7a"
            },
            "dist": {
                "type": "zip",
                "url": "https://packagist.phpcomposer.com/files/symfony/config/ab4fa32ffe6e625f9b7444e5e8d4702a0bc3ad7a.zip",
                "reference": "ab4fa32ffe6e625f9b7444e5e8d4702a0bc3ad7a",
                "shasum": ""
            },
            "require": {
                "php": ">=5.5.9",
                "symfony/filesystem": "~2.8|~3.0"
            },
            "suggest": {
                "symfony/yaml": "To use the yaml reference dumper"
            },
            "type": "library",
            "extra": {
                "branch-alias": {
                    "dev-master": "3.1-dev"
                }
            },
            "autoload": {
                "psr-4": {
                    "Symfony\\Component\\Config\\": ""
                },
                "exclude-from-classmap": [
                    "/Tests/"
                ]
            },
            "notification-url": "https://packagist.org/downloads/",
            "license": [
                "MIT"
            ],
            "authors": [
                {
                    "name": "Fabien Potencier",
                    "email": "fabien@symfony.com"
                },
                {
                    "name": "Symfony Community",
                    "homepage": "https://symfony.com/contributors"
                }
            ],
            "description": "Symfony Config Component",
            "homepage": "https://symfony.com",
            "time": "2016-11-03 08:04:31"
        },
        {
            "name": "symfony/console",
            "version": "v3.1.7",
            "source": {
                "type": "git",
                "url": "https://github.com/symfony/console.git",
                "reference": "5be36e1f3ac7ecbe7e34fb641480ad8497b83aa6"
            },
            "dist": {
                "type": "zip",
                "url": "https://packagist.phpcomposer.com/files/symfony/console/5be36e1f3ac7ecbe7e34fb641480ad8497b83aa6.zip",
                "reference": "5be36e1f3ac7ecbe7e34fb641480ad8497b83aa6",
                "shasum": ""
            },
            "require": {
                "php": ">=5.5.9",
                "symfony/debug": "~2.8|~3.0",
                "symfony/polyfill-mbstring": "~1.0"
            },
            "require-dev": {
                "psr/log": "~1.0",
                "symfony/event-dispatcher": "~2.8|~3.0",
                "symfony/process": "~2.8|~3.0"
            },
            "suggest": {
                "psr/log": "For using the console logger",
                "symfony/event-dispatcher": "",
                "symfony/process": ""
            },
            "type": "library",
            "extra": {
                "branch-alias": {
                    "dev-master": "3.1-dev"
                }
            },
            "autoload": {
                "psr-4": {
                    "Symfony\\Component\\Console\\": ""
                },
                "exclude-from-classmap": [
                    "/Tests/"
                ]
            },
            "notification-url": "https://packagist.org/downloads/",
            "license": [
                "MIT"
            ],
            "authors": [
                {
                    "name": "Fabien Potencier",
                    "email": "fabien@symfony.com"
                },
                {
                    "name": "Symfony Community",
                    "homepage": "https://symfony.com/contributors"
                }
            ],
            "description": "Symfony Console Component",
            "homepage": "https://symfony.com",
            "time": "2016-11-16 22:17:09"
        },
        {
            "name": "symfony/debug",
            "version": "v3.1.7",
            "source": {
                "type": "git",
                "url": "https://github.com/symfony/debug.git",
                "reference": "c058661c32f5b462722e36d120905940089cbd9a"
            },
            "dist": {
                "type": "zip",
                "url": "https://packagist.phpcomposer.com/files/symfony/debug/c058661c32f5b462722e36d120905940089cbd9a.zip",
                "reference": "c058661c32f5b462722e36d120905940089cbd9a",
                "shasum": ""
            },
            "require": {
                "php": ">=5.5.9",
                "psr/log": "~1.0"
            },
            "conflict": {
                "symfony/http-kernel": ">=2.3,<2.3.24|~2.4.0|>=2.5,<2.5.9|>=2.6,<2.6.2"
            },
            "require-dev": {
                "symfony/class-loader": "~2.8|~3.0",
                "symfony/http-kernel": "~2.8|~3.0"
            },
            "type": "library",
            "extra": {
                "branch-alias": {
                    "dev-master": "3.1-dev"
                }
            },
            "autoload": {
                "psr-4": {
                    "Symfony\\Component\\Debug\\": ""
                },
                "exclude-from-classmap": [
                    "/Tests/"
                ]
            },
            "notification-url": "https://packagist.org/downloads/",
            "license": [
                "MIT"
            ],
            "authors": [
                {
                    "name": "Fabien Potencier",
                    "email": "fabien@symfony.com"
                },
                {
                    "name": "Symfony Community",
                    "homepage": "https://symfony.com/contributors"
                }
            ],
            "description": "Symfony Debug Component",
            "homepage": "https://symfony.com",
            "time": "2016-11-15 12:55:20"
        },
        {
            "name": "symfony/event-dispatcher",
            "version": "v3.1.7",
            "source": {
                "type": "git",
                "url": "https://github.com/symfony/event-dispatcher.git",
                "reference": "28b0832b2553ffb80cabef6a7a812ff1e670c0bc"
            },
            "dist": {
                "type": "zip",
                "url": "https://packagist.phpcomposer.com/files/symfony/event-dispatcher/28b0832b2553ffb80cabef6a7a812ff1e670c0bc.zip",
                "reference": "28b0832b2553ffb80cabef6a7a812ff1e670c0bc",
                "shasum": ""
            },
            "require": {
                "php": ">=5.5.9"
            },
            "require-dev": {
                "psr/log": "~1.0",
                "symfony/config": "~2.8|~3.0",
                "symfony/dependency-injection": "~2.8|~3.0",
                "symfony/expression-language": "~2.8|~3.0",
                "symfony/stopwatch": "~2.8|~3.0"
            },
            "suggest": {
                "symfony/dependency-injection": "",
                "symfony/http-kernel": ""
            },
            "type": "library",
            "extra": {
                "branch-alias": {
                    "dev-master": "3.1-dev"
                }
            },
            "autoload": {
                "psr-4": {
                    "Symfony\\Component\\EventDispatcher\\": ""
                },
                "exclude-from-classmap": [
                    "/Tests/"
                ]
            },
            "notification-url": "https://packagist.org/downloads/",
            "license": [
                "MIT"
            ],
            "authors": [
                {
                    "name": "Fabien Potencier",
                    "email": "fabien@symfony.com"
                },
                {
                    "name": "Symfony Community",
                    "homepage": "https://symfony.com/contributors"
                }
            ],
            "description": "Symfony EventDispatcher Component",
            "homepage": "https://symfony.com",
            "time": "2016-10-13 06:28:43"
        },
        {
            "name": "symfony/filesystem",
            "version": "v3.1.7",
            "source": {
                "type": "git",
                "url": "https://github.com/symfony/filesystem.git",
                "reference": "0565b61bf098cb4dc09f4f103f033138ae4f42c6"
            },
            "dist": {
                "type": "zip",
                "url": "https://packagist.phpcomposer.com/files/symfony/filesystem/0565b61bf098cb4dc09f4f103f033138ae4f42c6.zip",
                "reference": "0565b61bf098cb4dc09f4f103f033138ae4f42c6",
                "shasum": ""
            },
            "require": {
                "php": ">=5.5.9"
            },
            "type": "library",
            "extra": {
                "branch-alias": {
                    "dev-master": "3.1-dev"
                }
            },
            "autoload": {
                "psr-4": {
                    "Symfony\\Component\\Filesystem\\": ""
                },
                "exclude-from-classmap": [
                    "/Tests/"
                ]
            },
            "notification-url": "https://packagist.org/downloads/",
            "license": [
                "MIT"
            ],
            "authors": [
                {
                    "name": "Fabien Potencier",
                    "email": "fabien@symfony.com"
                },
                {
                    "name": "Symfony Community",
                    "homepage": "https://symfony.com/contributors"
                }
            ],
            "description": "Symfony Filesystem Component",
            "homepage": "https://symfony.com",
            "time": "2016-10-18 04:30:12"
        },
        {
            "name": "symfony/polyfill-mbstring",
            "version": "v1.3.0",
            "source": {
                "type": "git",
                "url": "https://github.com/symfony/polyfill-mbstring.git",
                "reference": "e79d363049d1c2128f133a2667e4f4190904f7f4"
            },
            "dist": {
                "type": "zip",
                "url": "https://packagist.phpcomposer.com/files/symfony/polyfill-mbstring/e79d363049d1c2128f133a2667e4f4190904f7f4.zip",
                "reference": "e79d363049d1c2128f133a2667e4f4190904f7f4",
                "shasum": ""
            },
            "require": {
                "php": ">=5.3.3"
            },
            "suggest": {
                "ext-mbstring": "For best performance"
            },
            "type": "library",
            "extra": {
                "branch-alias": {
                    "dev-master": "1.3-dev"
                }
            },
            "autoload": {
                "psr-4": {
                    "Symfony\\Polyfill\\Mbstring\\": ""
                },
                "files": [
                    "bootstrap.php"
                ]
            },
            "notification-url": "https://packagist.org/downloads/",
            "license": [
                "MIT"
            ],
            "authors": [
                {
                    "name": "Nicolas Grekas",
                    "email": "p@tchwork.com"
                },
                {
                    "name": "Symfony Community",
                    "homepage": "https://symfony.com/contributors"
                }
            ],
            "description": "Symfony polyfill for the Mbstring extension",
            "homepage": "https://symfony.com",
            "keywords": [
                "compatibility",
                "mbstring",
                "polyfill",
                "portable",
                "shim"
            ],
            "time": "2016-11-14 01:06:16"
        },
        {
            "name": "symfony/process",
            "version": "v2.8.14",
            "source": {
                "type": "git",
                "url": "https://github.com/symfony/process.git",
                "reference": "024de37f8a6b9e5e8244d9eb3fcf3e467dd2a93f"
            },
            "dist": {
                "type": "zip",
                "url": "https://packagist.phpcomposer.com/files/symfony/process/024de37f8a6b9e5e8244d9eb3fcf3e467dd2a93f.zip",
                "reference": "024de37f8a6b9e5e8244d9eb3fcf3e467dd2a93f",
                "shasum": ""
            },
            "require": {
                "php": ">=5.3.9"
            },
            "type": "library",
            "extra": {
                "branch-alias": {
                    "dev-master": "2.8-dev"
                }
            },
            "autoload": {
                "psr-4": {
                    "Symfony\\Component\\Process\\": ""
                },
                "exclude-from-classmap": [
                    "/Tests/"
                ]
            },
            "notification-url": "https://packagist.org/downloads/",
            "license": [
                "MIT"
            ],
            "authors": [
                {
                    "name": "Fabien Potencier",
                    "email": "fabien@symfony.com"
                },
                {
                    "name": "Symfony Community",
                    "homepage": "https://symfony.com/contributors"
                }
            ],
            "description": "Symfony Process Component",
            "homepage": "https://symfony.com",
            "time": "2016-09-29 14:03:54"
        },
        {
            "name": "webmozart/assert",
            "version": "1.1.0",
            "source": {
                "type": "git",
                "url": "https://github.com/webmozart/assert.git",
                "reference": "bb2d123231c095735130cc8f6d31385a44c7b308"
            },
            "dist": {
                "type": "zip",
                "url": "https://packagist.phpcomposer.com/files/webmozart/assert/bb2d123231c095735130cc8f6d31385a44c7b308.zip",
                "reference": "bb2d123231c095735130cc8f6d31385a44c7b308",
                "shasum": ""
            },
            "require": {
                "php": "^5.3.3|^7.0"
            },
            "require-dev": {
                "phpunit/phpunit": "^4.6",
                "sebastian/version": "^1.0.1"
            },
            "type": "library",
            "extra": {
                "branch-alias": {
                    "dev-master": "1.2-dev"
                }
            },
            "autoload": {
                "psr-4": {
                    "Webmozart\\Assert\\": "src/"
                }
            },
            "notification-url": "https://packagist.org/downloads/",
            "license": [
                "MIT"
            ],
            "authors": [
                {
                    "name": "Bernhard Schussek",
                    "email": "bschussek@gmail.com"
                }
            ],
            "description": "Assertions to validate method input/output with nice error messages.",
            "keywords": [
                "assert",
                "check",
                "validate"
            ],
            "time": "2016-08-09 15:02:57"
        }
    ],
    "aliases": [],
    "minimum-stability": "stable",
    "stability-flags": [],
    "prefer-stable": false,
    "prefer-lowest": false,
    "platform": [],
    "platform-dev": []
}
